
Microsoft Visual Studio Solution File, Format Version 12.00
# Visual Studio Version 16
VisualStudioVersion = 16.0.29613.14
MinimumVisualStudioVersion = 10.0.40219.1
Project("{9A19103F-16F7-4668-BE54-9A1E7A4F7556}") = "Corellian.Core", "Corellian\Corellian.Core.csproj", "{E71A1917-075C-49F6-B683-8A123B283C11}"
EndProject
Project("{9A19103F-16F7-4668-BE54-9A1E7A4F7556}") = "Corellian.Xamarin", "Corellian.Xamarin\Corellian.Xamarin.csproj", "{E0601F24-23D8-4601-8C5E-0F13B405DFA4}"
EndProject
Project("{9A19103F-16F7-4668-BE54-9A1E7A4F7556}") = "Corellian.Test", "Corellian.Test\Corellian.Test.csproj", "{C29927FB-8857-477F-B440-A03089286D1D}"
EndProject
Project("{2150E333-8FDC-42A3-9474-1A3956D46DE8}") = "Sample", "Sample", "{CA5A1907-9972-41F0-96C0-245353E0C598}"
EndProject
Project("{9A19103F-16F7-4668-BE54-9A1E7A4F7556}") = "CorellianSample", "Sample\CorellianSample\CorellianSample.csproj", "{F9CE28FC-551A-42AA-B319-3F43428CEB5F}"
EndProject
Project("{FAE04EC0-301F-11D3-BF4B-00C04F79EFBC}") = "CorellianSample.Android", "Sample\CorellianSample.Android\CorellianSample.Android.csproj", "{4A684BB2-2CB4-4B04-8541-FF0FA677DD49}"
EndProject
Project("{FAE04EC0-301F-11D3-BF4B-00C04F79EFBC}") = "CorellianSample.iOS", "Sample\CorellianSample.iOS\CorellianSample.iOS.csproj", "{A5BBADB1-F348-49CD-8264-59B5BE8E9F17}"
EndProject
Project("{9A19103F-16F7-4668-BE54-9A1E7A4F7556}") = "CorellianSampleTests", "Sample\CorellianSampleTests\CorellianSampleTests.csproj", "{563C01C8-AF6F-4C53-B84F-5CCDEA2683D0}"
EndProject
Project("{FAE04EC0-301F-11D3-BF4B-00C04F79EFBC}") = "CorellianSample.UWP", "Sample\CorellianSample.UWP\CorellianSample.UWP.csproj", "{4CB1EA89-590E-4D10-9D2E-BE185F9EB043}"
EndProject
Global
	GlobalSection(SolutionConfigurationPlatforms) = preSolution
		Ad-Hoc|Any CPU = Ad-Hoc|Any CPU
		Ad-Hoc|ARM = Ad-Hoc|ARM
		Ad-Hoc|ARM64 = Ad-Hoc|ARM64
		Ad-Hoc|iPhone = Ad-Hoc|iPhone
		Ad-Hoc|iPhoneSimulator = Ad-Hoc|iPhoneSimulator
		Ad-Hoc|x64 = Ad-Hoc|x64
		Ad-Hoc|x86 = Ad-Hoc|x86
		AppStore|Any CPU = AppStore|Any CPU
		AppStore|ARM = AppStore|ARM
		AppStore|ARM64 = AppStore|ARM64
		AppStore|iPhone = AppStore|iPhone
		AppStore|iPhoneSimulator = AppStore|iPhoneSimulator
		AppStore|x64 = AppStore|x64
		AppStore|x86 = AppStore|x86
		Debug|Any CPU = Debug|Any CPU
		Debug|ARM = Debug|ARM
		Debug|ARM64 = Debug|ARM64
		Debug|iPhone = Debug|iPhone
		Debug|iPhoneSimulator = Debug|iPhoneSimulator
		Debug|x64 = Debug|x64
		Debug|x86 = Debug|x86
		Release|Any CPU = Release|Any CPU
		Release|ARM = Release|ARM
		Release|ARM64 = Release|ARM64
		Release|iPhone = Release|iPhone
		Release|iPhoneSimulator = Release|iPhoneSimulator
		Release|x64 = Release|x64
		Release|x86 = Release|x86
		Sample Release|Any CPU = Sample Release|Any CPU
		Sample Release|ARM = Sample Release|ARM
		Sample Release|ARM64 = Sample Release|ARM64
		Sample Release|iPhone = Sample Release|iPhone
		Sample Release|iPhoneSimulator = Sample Release|iPhoneSimulator
		Sample Release|x64 = Sample Release|x64
		Sample Release|x86 = Sample Release|x86
	EndGlobalSection
	GlobalSection(ProjectConfigurationPlatforms) = postSolution
		{E71A1917-075C-49F6-B683-8A123B283C11}.Ad-Hoc|Any CPU.ActiveCfg = Release|Any CPU
		{E71A1917-075C-49F6-B683-8A123B283C11}.Ad-Hoc|Any CPU.Build.0 = Release|Any CPU
		{E71A1917-075C-49F6-B683-8A123B283C11}.Ad-Hoc|ARM.ActiveCfg = Debug|Any CPU
		{E71A1917-075C-49F6-B683-8A123B283C11}.Ad-Hoc|ARM.Build.0 = Debug|Any CPU
		{E71A1917-075C-49F6-B683-8A123B283C11}.Ad-Hoc|ARM64.ActiveCfg = Debug|Any CPU
		{E71A1917-075C-49F6-B683-8A123B283C11}.Ad-Hoc|ARM64.Build.0 = Debug|Any CPU
		{E71A1917-075C-49F6-B683-8A123B283C11}.Ad-Hoc|iPhone.ActiveCfg = Release|Any CPU
		{E71A1917-075C-49F6-B683-8A123B283C11}.Ad-Hoc|iPhone.Build.0 = Release|Any CPU
		{E71A1917-075C-49F6-B683-8A123B283C11}.Ad-Hoc|iPhoneSimulator.ActiveCfg = Release|Any CPU
		{E71A1917-075C-49F6-B683-8A123B283C11}.Ad-Hoc|iPhoneSimulator.Build.0 = Release|Any CPU
		{E71A1917-075C-49F6-B683-8A123B283C11}.Ad-Hoc|x64.ActiveCfg = Debug|Any CPU
		{E71A1917-075C-49F6-B683-8A123B283C11}.Ad-Hoc|x64.Build.0 = Debug|Any CPU
		{E71A1917-075C-49F6-B683-8A123B283C11}.Ad-Hoc|x86.ActiveCfg = Debug|Any CPU
		{E71A1917-075C-49F6-B683-8A123B283C11}.Ad-Hoc|x86.Build.0 = Debug|Any CPU
		{E71A1917-075C-49F6-B683-8A123B283C11}.AppStore|Any CPU.ActiveCfg = Release|Any CPU
		{E71A1917-075C-49F6-B683-8A123B283C11}.AppStore|Any CPU.Build.0 = Release|Any CPU
		{E71A1917-075C-49F6-B683-8A123B283C11}.AppStore|ARM.ActiveCfg = Debug|Any CPU
		{E71A1917-075C-49F6-B683-8A123B283C11}.AppStore|ARM.Build.0 = Debug|Any CPU
		{E71A1917-075C-49F6-B683-8A123B283C11}.AppStore|ARM64.ActiveCfg = Debug|Any CPU
		{E71A1917-075C-49F6-B683-8A123B283C11}.AppStore|ARM64.Build.0 = Debug|Any CPU
		{E71A1917-075C-49F6-B683-8A123B283C11}.AppStore|iPhone.ActiveCfg = Release|Any CPU
		{E71A1917-075C-49F6-B683-8A123B283C11}.AppStore|iPhone.Build.0 = Release|Any CPU
		{E71A1917-075C-49F6-B683-8A123B283C11}.AppStore|iPhoneSimulator.ActiveCfg = Release|Any CPU
		{E71A1917-075C-49F6-B683-8A123B283C11}.AppStore|iPhoneSimulator.Build.0 = Release|Any CPU
		{E71A1917-075C-49F6-B683-8A123B283C11}.AppStore|x64.ActiveCfg = Debug|Any CPU
		{E71A1917-075C-49F6-B683-8A123B283C11}.AppStore|x64.Build.0 = Debug|Any CPU
		{E71A1917-075C-49F6-B683-8A123B283C11}.AppStore|x86.ActiveCfg = Debug|Any CPU
		{E71A1917-075C-49F6-B683-8A123B283C11}.AppStore|x86.Build.0 = Debug|Any CPU
		{E71A1917-075C-49F6-B683-8A123B283C11}.Debug|Any CPU.ActiveCfg = Debug|Any CPU
		{E71A1917-075C-49F6-B683-8A123B283C11}.Debug|Any CPU.Build.0 = Debug|Any CPU
		{E71A1917-075C-49F6-B683-8A123B283C11}.Debug|ARM.ActiveCfg = Debug|Any CPU
		{E71A1917-075C-49F6-B683-8A123B283C11}.Debug|ARM.Build.0 = Debug|Any CPU
		{E71A1917-075C-49F6-B683-8A123B283C11}.Debug|ARM64.ActiveCfg = Debug|Any CPU
		{E71A1917-075C-49F6-B683-8A123B283C11}.Debug|ARM64.Build.0 = Debug|Any CPU
		{E71A1917-075C-49F6-B683-8A123B283C11}.Debug|iPhone.ActiveCfg = Debug|Any CPU
		{E71A1917-075C-49F6-B683-8A123B283C11}.Debug|iPhone.Build.0 = Debug|Any CPU
		{E71A1917-075C-49F6-B683-8A123B283C11}.Debug|iPhoneSimulator.ActiveCfg = Debug|Any CPU
		{E71A1917-075C-49F6-B683-8A123B283C11}.Debug|iPhoneSimulator.Build.0 = Debug|Any CPU
		{E71A1917-075C-49F6-B683-8A123B283C11}.Debug|x64.ActiveCfg = Debug|Any CPU
		{E71A1917-075C-49F6-B683-8A123B283C11}.Debug|x64.Build.0 = Debug|Any CPU
		{E71A1917-075C-49F6-B683-8A123B283C11}.Debug|x86.ActiveCfg = Debug|Any CPU
		{E71A1917-075C-49F6-B683-8A123B283C11}.Debug|x86.Build.0 = Debug|Any CPU
		{E71A1917-075C-49F6-B683-8A123B283C11}.Release|Any CPU.ActiveCfg = Release|Any CPU
		{E71A1917-075C-49F6-B683-8A123B283C11}.Release|Any CPU.Build.0 = Release|Any CPU
		{E71A1917-075C-49F6-B683-8A123B283C11}.Release|ARM.ActiveCfg = Release|Any CPU
		{E71A1917-075C-49F6-B683-8A123B283C11}.Release|ARM.Build.0 = Release|Any CPU
		{E71A1917-075C-49F6-B683-8A123B283C11}.Release|ARM64.ActiveCfg = Release|Any CPU
		{E71A1917-075C-49F6-B683-8A123B283C11}.Release|ARM64.Build.0 = Release|Any CPU
		{E71A1917-075C-49F6-B683-8A123B283C11}.Release|iPhone.ActiveCfg = Release|Any CPU
		{E71A1917-075C-49F6-B683-8A123B283C11}.Release|iPhone.Build.0 = Release|Any CPU
		{E71A1917-075C-49F6-B683-8A123B283C11}.Release|iPhoneSimulator.ActiveCfg = Release|Any CPU
		{E71A1917-075C-49F6-B683-8A123B283C11}.Release|iPhoneSimulator.Build.0 = Release|Any CPU
		{E71A1917-075C-49F6-B683-8A123B283C11}.Release|x64.ActiveCfg = Release|Any CPU
		{E71A1917-075C-49F6-B683-8A123B283C11}.Release|x64.Build.0 = Release|Any CPU
		{E71A1917-075C-49F6-B683-8A123B283C11}.Release|x86.ActiveCfg = Release|Any CPU
		{E71A1917-075C-49F6-B683-8A123B283C11}.Release|x86.Build.0 = Release|Any CPU
		{E71A1917-075C-49F6-B683-8A123B283C11}.Sample Release|Any CPU.ActiveCfg = Release|Any CPU
		{E71A1917-075C-49F6-B683-8A123B283C11}.Sample Release|Any CPU.Build.0 = Release|Any CPU
		{E71A1917-075C-49F6-B683-8A123B283C11}.Sample Release|ARM.ActiveCfg = Release|Any CPU
		{E71A1917-075C-49F6-B683-8A123B283C11}.Sample Release|ARM.Build.0 = Release|Any CPU
		{E71A1917-075C-49F6-B683-8A123B283C11}.Sample Release|ARM64.ActiveCfg = Release|Any CPU
		{E71A1917-075C-49F6-B683-8A123B283C11}.Sample Release|ARM64.Build.0 = Release|Any CPU
		{E71A1917-075C-49F6-B683-8A123B283C11}.Sample Release|iPhone.ActiveCfg = Release|Any CPU
		{E71A1917-075C-49F6-B683-8A123B283C11}.Sample Release|iPhone.Build.0 = Release|Any CPU
		{E71A1917-075C-49F6-B683-8A123B283C11}.Sample Release|iPhoneSimulator.ActiveCfg = Release|Any CPU
		{E71A1917-075C-49F6-B683-8A123B283C11}.Sample Release|iPhoneSimulator.Build.0 = Release|Any CPU
		{E71A1917-075C-49F6-B683-8A123B283C11}.Sample Release|x64.ActiveCfg = Release|Any CPU
		{E71A1917-075C-49F6-B683-8A123B283C11}.Sample Release|x64.Build.0 = Release|Any CPU
		{E71A1917-075C-49F6-B683-8A123B283C11}.Sample Release|x86.ActiveCfg = Release|Any CPU
		{E71A1917-075C-49F6-B683-8A123B283C11}.Sample Release|x86.Build.0 = Release|Any CPU
		{E0601F24-23D8-4601-8C5E-0F13B405DFA4}.Ad-Hoc|Any CPU.ActiveCfg = Release|Any CPU
		{E0601F24-23D8-4601-8C5E-0F13B405DFA4}.Ad-Hoc|Any CPU.Build.0 = Release|Any CPU
		{E0601F24-23D8-4601-8C5E-0F13B405DFA4}.Ad-Hoc|ARM.ActiveCfg = Debug|Any CPU
		{E0601F24-23D8-4601-8C5E-0F13B405DFA4}.Ad-Hoc|ARM.Build.0 = Debug|Any CPU
		{E0601F24-23D8-4601-8C5E-0F13B405DFA4}.Ad-Hoc|ARM64.ActiveCfg = Debug|Any CPU
		{E0601F24-23D8-4601-8C5E-0F13B405DFA4}.Ad-Hoc|ARM64.Build.0 = Debug|Any CPU
		{E0601F24-23D8-4601-8C5E-0F13B405DFA4}.Ad-Hoc|iPhone.ActiveCfg = Release|Any CPU
		{E0601F24-23D8-4601-8C5E-0F13B405DFA4}.Ad-Hoc|iPhone.Build.0 = Release|Any CPU
		{E0601F24-23D8-4601-8C5E-0F13B405DFA4}.Ad-Hoc|iPhoneSimulator.ActiveCfg = Release|Any CPU
		{E0601F24-23D8-4601-8C5E-0F13B405DFA4}.Ad-Hoc|iPhoneSimulator.Build.0 = Release|Any CPU
		{E0601F24-23D8-4601-8C5E-0F13B405DFA4}.Ad-Hoc|x64.ActiveCfg = Debug|Any CPU
		{E0601F24-23D8-4601-8C5E-0F13B405DFA4}.Ad-Hoc|x64.Build.0 = Debug|Any CPU
		{E0601F24-23D8-4601-8C5E-0F13B405DFA4}.Ad-Hoc|x86.ActiveCfg = Debug|Any CPU
		{E0601F24-23D8-4601-8C5E-0F13B405DFA4}.Ad-Hoc|x86.Build.0 = Debug|Any CPU
		{E0601F24-23D8-4601-8C5E-0F13B405DFA4}.AppStore|Any CPU.ActiveCfg = Release|Any CPU
		{E0601F24-23D8-4601-8C5E-0F13B405DFA4}.AppStore|Any CPU.Build.0 = Release|Any CPU
		{E0601F24-23D8-4601-8C5E-0F13B405DFA4}.AppStore|ARM.ActiveCfg = Debug|Any CPU
		{E0601F24-23D8-4601-8C5E-0F13B405DFA4}.AppStore|ARM.Build.0 = Debug|Any CPU
		{E0601F24-23D8-4601-8C5E-0F13B405DFA4}.AppStore|ARM64.ActiveCfg = Debug|Any CPU
		{E0601F24-23D8-4601-8C5E-0F13B405DFA4}.AppStore|ARM64.Build.0 = Debug|Any CPU
		{E0601F24-23D8-4601-8C5E-0F13B405DFA4}.AppStore|iPhone.ActiveCfg = Release|Any CPU
		{E0601F24-23D8-4601-8C5E-0F13B405DFA4}.AppStore|iPhone.Build.0 = Release|Any CPU
		{E0601F24-23D8-4601-8C5E-0F13B405DFA4}.AppStore|iPhoneSimulator.ActiveCfg = Release|Any CPU
		{E0601F24-23D8-4601-8C5E-0F13B405DFA4}.AppStore|iPhoneSimulator.Build.0 = Release|Any CPU
		{E0601F24-23D8-4601-8C5E-0F13B405DFA4}.AppStore|x64.ActiveCfg = Debug|Any CPU
		{E0601F24-23D8-4601-8C5E-0F13B405DFA4}.AppStore|x64.Build.0 = Debug|Any CPU
		{E0601F24-23D8-4601-8C5E-0F13B405DFA4}.AppStore|x86.ActiveCfg = Debug|Any CPU
		{E0601F24-23D8-4601-8C5E-0F13B405DFA4}.AppStore|x86.Build.0 = Debug|Any CPU
		{E0601F24-23D8-4601-8C5E-0F13B405DFA4}.Debug|Any CPU.ActiveCfg = Debug|Any CPU
		{E0601F24-23D8-4601-8C5E-0F13B405DFA4}.Debug|Any CPU.Build.0 = Debug|Any CPU
		{E0601F24-23D8-4601-8C5E-0F13B405DFA4}.Debug|ARM.ActiveCfg = Debug|Any CPU
		{E0601F24-23D8-4601-8C5E-0F13B405DFA4}.Debug|ARM.Build.0 = Debug|Any CPU
		{E0601F24-23D8-4601-8C5E-0F13B405DFA4}.Debug|ARM64.ActiveCfg = Debug|Any CPU
		{E0601F24-23D8-4601-8C5E-0F13B405DFA4}.Debug|ARM64.Build.0 = Debug|Any CPU
		{E0601F24-23D8-4601-8C5E-0F13B405DFA4}.Debug|iPhone.ActiveCfg = Debug|Any CPU
		{E0601F24-23D8-4601-8C5E-0F13B405DFA4}.Debug|iPhone.Build.0 = Debug|Any CPU
		{E0601F24-23D8-4601-8C5E-0F13B405DFA4}.Debug|iPhoneSimulator.ActiveCfg = Debug|Any CPU
		{E0601F24-23D8-4601-8C5E-0F13B405DFA4}.Debug|iPhoneSimulator.Build.0 = Debug|Any CPU
		{E0601F24-23D8-4601-8C5E-0F13B405DFA4}.Debug|x64.ActiveCfg = Debug|Any CPU
		{E0601F24-23D8-4601-8C5E-0F13B405DFA4}.Debug|x64.Build.0 = Debug|Any CPU
		{E0601F24-23D8-4601-8C5E-0F13B405DFA4}.Debug|x86.ActiveCfg = Debug|Any CPU
		{E0601F24-23D8-4601-8C5E-0F13B405DFA4}.Debug|x86.Build.0 = Debug|Any CPU
		{E0601F24-23D8-4601-8C5E-0F13B405DFA4}.Release|Any CPU.ActiveCfg = Release|Any CPU
		{E0601F24-23D8-4601-8C5E-0F13B405DFA4}.Release|Any CPU.Build.0 = Release|Any CPU
		{E0601F24-23D8-4601-8C5E-0F13B405DFA4}.Release|ARM.ActiveCfg = Release|Any CPU
		{E0601F24-23D8-4601-8C5E-0F13B405DFA4}.Release|ARM.Build.0 = Release|Any CPU
		{E0601F24-23D8-4601-8C5E-0F13B405DFA4}.Release|ARM64.ActiveCfg = Release|Any CPU
		{E0601F24-23D8-4601-8C5E-0F13B405DFA4}.Release|ARM64.Build.0 = Release|Any CPU
		{E0601F24-23D8-4601-8C5E-0F13B405DFA4}.Release|iPhone.ActiveCfg = Release|Any CPU
		{E0601F24-23D8-4601-8C5E-0F13B405DFA4}.Release|iPhone.Build.0 = Release|Any CPU
		{E0601F24-23D8-4601-8C5E-0F13B405DFA4}.Release|iPhoneSimulator.ActiveCfg = Release|Any CPU
		{E0601F24-23D8-4601-8C5E-0F13B405DFA4}.Release|iPhoneSimulator.Build.0 = Release|Any CPU
		{E0601F24-23D8-4601-8C5E-0F13B405DFA4}.Release|x64.ActiveCfg = Release|Any CPU
		{E0601F24-23D8-4601-8C5E-0F13B405DFA4}.Release|x64.Build.0 = Release|Any CPU
		{E0601F24-23D8-4601-8C5E-0F13B405DFA4}.Release|x86.ActiveCfg = Release|Any CPU
		{E0601F24-23D8-4601-8C5E-0F13B405DFA4}.Release|x86.Build.0 = Release|Any CPU
		{E0601F24-23D8-4601-8C5E-0F13B405DFA4}.Sample Release|Any CPU.ActiveCfg = Release|Any CPU
		{E0601F24-23D8-4601-8C5E-0F13B405DFA4}.Sample Release|Any CPU.Build.0 = Release|Any CPU
		{E0601F24-23D8-4601-8C5E-0F13B405DFA4}.Sample Release|ARM.ActiveCfg = Release|Any CPU
		{E0601F24-23D8-4601-8C5E-0F13B405DFA4}.Sample Release|ARM.Build.0 = Release|Any CPU
		{E0601F24-23D8-4601-8C5E-0F13B405DFA4}.Sample Release|ARM64.ActiveCfg = Release|Any CPU
		{E0601F24-23D8-4601-8C5E-0F13B405DFA4}.Sample Release|ARM64.Build.0 = Release|Any CPU
		{E0601F24-23D8-4601-8C5E-0F13B405DFA4}.Sample Release|iPhone.ActiveCfg = Release|Any CPU
		{E0601F24-23D8-4601-8C5E-0F13B405DFA4}.Sample Release|iPhone.Build.0 = Release|Any CPU
		{E0601F24-23D8-4601-8C5E-0F13B405DFA4}.Sample Release|iPhoneSimulator.ActiveCfg = Release|Any CPU
		{E0601F24-23D8-4601-8C5E-0F13B405DFA4}.Sample Release|iPhoneSimulator.Build.0 = Release|Any CPU
		{E0601F24-23D8-4601-8C5E-0F13B405DFA4}.Sample Release|x64.ActiveCfg = Release|Any CPU
		{E0601F24-23D8-4601-8C5E-0F13B405DFA4}.Sample Release|x64.Build.0 = Release|Any CPU
		{E0601F24-23D8-4601-8C5E-0F13B405DFA4}.Sample Release|x86.ActiveCfg = Release|Any CPU
		{E0601F24-23D8-4601-8C5E-0F13B405DFA4}.Sample Release|x86.Build.0 = Release|Any CPU
		{C29927FB-8857-477F-B440-A03089286D1D}.Ad-Hoc|Any CPU.ActiveCfg = Release|Any CPU
		{C29927FB-8857-477F-B440-A03089286D1D}.Ad-Hoc|Any CPU.Build.0 = Release|Any CPU
		{C29927FB-8857-477F-B440-A03089286D1D}.Ad-Hoc|ARM.ActiveCfg = Debug|Any CPU
		{C29927FB-8857-477F-B440-A03089286D1D}.Ad-Hoc|ARM.Build.0 = Debug|Any CPU
		{C29927FB-8857-477F-B440-A03089286D1D}.Ad-Hoc|ARM64.ActiveCfg = Debug|Any CPU
		{C29927FB-8857-477F-B440-A03089286D1D}.Ad-Hoc|ARM64.Build.0 = Debug|Any CPU
		{C29927FB-8857-477F-B440-A03089286D1D}.Ad-Hoc|iPhone.ActiveCfg = Release|Any CPU
		{C29927FB-8857-477F-B440-A03089286D1D}.Ad-Hoc|iPhone.Build.0 = Release|Any CPU
		{C29927FB-8857-477F-B440-A03089286D1D}.Ad-Hoc|iPhoneSimulator.ActiveCfg = Release|Any CPU
		{C29927FB-8857-477F-B440-A03089286D1D}.Ad-Hoc|iPhoneSimulator.Build.0 = Release|Any CPU
		{C29927FB-8857-477F-B440-A03089286D1D}.Ad-Hoc|x64.ActiveCfg = Debug|Any CPU
		{C29927FB-8857-477F-B440-A03089286D1D}.Ad-Hoc|x64.Build.0 = Debug|Any CPU
		{C29927FB-8857-477F-B440-A03089286D1D}.Ad-Hoc|x86.ActiveCfg = Debug|Any CPU
		{C29927FB-8857-477F-B440-A03089286D1D}.Ad-Hoc|x86.Build.0 = Debug|Any CPU
		{C29927FB-8857-477F-B440-A03089286D1D}.AppStore|Any CPU.ActiveCfg = Release|Any CPU
		{C29927FB-8857-477F-B440-A03089286D1D}.AppStore|Any CPU.Build.0 = Release|Any CPU
		{C29927FB-8857-477F-B440-A03089286D1D}.AppStore|ARM.ActiveCfg = Debug|Any CPU
		{C29927FB-8857-477F-B440-A03089286D1D}.AppStore|ARM.Build.0 = Debug|Any CPU
		{C29927FB-8857-477F-B440-A03089286D1D}.AppStore|ARM64.ActiveCfg = Debug|Any CPU
		{C29927FB-8857-477F-B440-A03089286D1D}.AppStore|ARM64.Build.0 = Debug|Any CPU
		{C29927FB-8857-477F-B440-A03089286D1D}.AppStore|iPhone.ActiveCfg = Release|Any CPU
		{C29927FB-8857-477F-B440-A03089286D1D}.AppStore|iPhone.Build.0 = Release|Any CPU
		{C29927FB-8857-477F-B440-A03089286D1D}.AppStore|iPhoneSimulator.ActiveCfg = Release|Any CPU
		{C29927FB-8857-477F-B440-A03089286D1D}.AppStore|iPhoneSimulator.Build.0 = Release|Any CPU
		{C29927FB-8857-477F-B440-A03089286D1D}.AppStore|x64.ActiveCfg = Debug|Any CPU
		{C29927FB-8857-477F-B440-A03089286D1D}.AppStore|x64.Build.0 = Debug|Any CPU
		{C29927FB-8857-477F-B440-A03089286D1D}.AppStore|x86.ActiveCfg = Debug|Any CPU
		{C29927FB-8857-477F-B440-A03089286D1D}.AppStore|x86.Build.0 = Debug|Any CPU
		{C29927FB-8857-477F-B440-A03089286D1D}.Debug|Any CPU.ActiveCfg = Debug|Any CPU
		{C29927FB-8857-477F-B440-A03089286D1D}.Debug|Any CPU.Build.0 = Debug|Any CPU
		{C29927FB-8857-477F-B440-A03089286D1D}.Debug|ARM.ActiveCfg = Debug|Any CPU
		{C29927FB-8857-477F-B440-A03089286D1D}.Debug|ARM.Build.0 = Debug|Any CPU
		{C29927FB-8857-477F-B440-A03089286D1D}.Debug|ARM64.ActiveCfg = Debug|Any CPU
		{C29927FB-8857-477F-B440-A03089286D1D}.Debug|ARM64.Build.0 = Debug|Any CPU
		{C29927FB-8857-477F-B440-A03089286D1D}.Debug|iPhone.ActiveCfg = Debug|Any CPU
		{C29927FB-8857-477F-B440-A03089286D1D}.Debug|iPhone.Build.0 = Debug|Any CPU
		{C29927FB-8857-477F-B440-A03089286D1D}.Debug|iPhoneSimulator.ActiveCfg = Debug|Any CPU
		{C29927FB-8857-477F-B440-A03089286D1D}.Debug|iPhoneSimulator.Build.0 = Debug|Any CPU
		{C29927FB-8857-477F-B440-A03089286D1D}.Debug|x64.ActiveCfg = Debug|Any CPU
		{C29927FB-8857-477F-B440-A03089286D1D}.Debug|x64.Build.0 = Debug|Any CPU
		{C29927FB-8857-477F-B440-A03089286D1D}.Debug|x86.ActiveCfg = Debug|Any CPU
		{C29927FB-8857-477F-B440-A03089286D1D}.Debug|x86.Build.0 = Debug|Any CPU
		{C29927FB-8857-477F-B440-A03089286D1D}.Release|Any CPU.ActiveCfg = Release|Any CPU
		{C29927FB-8857-477F-B440-A03089286D1D}.Release|Any CPU.Build.0 = Release|Any CPU
		{C29927FB-8857-477F-B440-A03089286D1D}.Release|ARM.ActiveCfg = Release|Any CPU
		{C29927FB-8857-477F-B440-A03089286D1D}.Release|ARM.Build.0 = Release|Any CPU
		{C29927FB-8857-477F-B440-A03089286D1D}.Release|ARM64.ActiveCfg = Release|Any CPU
		{C29927FB-8857-477F-B440-A03089286D1D}.Release|ARM64.Build.0 = Release|Any CPU
		{C29927FB-8857-477F-B440-A03089286D1D}.Release|iPhone.ActiveCfg = Release|Any CPU
		{C29927FB-8857-477F-B440-A03089286D1D}.Release|iPhone.Build.0 = Release|Any CPU
		{C29927FB-8857-477F-B440-A03089286D1D}.Release|iPhoneSimulator.ActiveCfg = Release|Any CPU
		{C29927FB-8857-477F-B440-A03089286D1D}.Release|iPhoneSimulator.Build.0 = Release|Any CPU
		{C29927FB-8857-477F-B440-A03089286D1D}.Release|x64.ActiveCfg = Release|Any CPU
		{C29927FB-8857-477F-B440-A03089286D1D}.Release|x64.Build.0 = Release|Any CPU
		{C29927FB-8857-477F-B440-A03089286D1D}.Release|x86.ActiveCfg = Release|Any CPU
		{C29927FB-8857-477F-B440-A03089286D1D}.Release|x86.Build.0 = Release|Any CPU
		{C29927FB-8857-477F-B440-A03089286D1D}.Sample Release|Any CPU.ActiveCfg = Release|Any CPU
		{C29927FB-8857-477F-B440-A03089286D1D}.Sample Release|Any CPU.Build.0 = Release|Any CPU
		{C29927FB-8857-477F-B440-A03089286D1D}.Sample Release|ARM.ActiveCfg = Release|Any CPU
		{C29927FB-8857-477F-B440-A03089286D1D}.Sample Release|ARM.Build.0 = Release|Any CPU
		{C29927FB-8857-477F-B440-A03089286D1D}.Sample Release|ARM64.ActiveCfg = Release|Any CPU
		{C29927FB-8857-477F-B440-A03089286D1D}.Sample Release|ARM64.Build.0 = Release|Any CPU
		{C29927FB-8857-477F-B440-A03089286D1D}.Sample Release|iPhone.ActiveCfg = Release|Any CPU
		{C29927FB-8857-477F-B440-A03089286D1D}.Sample Release|iPhone.Build.0 = Release|Any CPU
		{C29927FB-8857-477F-B440-A03089286D1D}.Sample Release|iPhoneSimulator.ActiveCfg = Release|Any CPU
		{C29927FB-8857-477F-B440-A03089286D1D}.Sample Release|iPhoneSimulator.Build.0 = Release|Any CPU
		{C29927FB-8857-477F-B440-A03089286D1D}.Sample Release|x64.ActiveCfg = Release|Any CPU
		{C29927FB-8857-477F-B440-A03089286D1D}.Sample Release|x64.Build.0 = Release|Any CPU
		{C29927FB-8857-477F-B440-A03089286D1D}.Sample Release|x86.ActiveCfg = Release|Any CPU
		{C29927FB-8857-477F-B440-A03089286D1D}.Sample Release|x86.Build.0 = Release|Any CPU
		{F9CE28FC-551A-42AA-B319-3F43428CEB5F}.Ad-Hoc|Any CPU.ActiveCfg = Debug|Any CPU
		{F9CE28FC-551A-42AA-B319-3F43428CEB5F}.Ad-Hoc|Any CPU.Build.0 = Debug|Any CPU
		{F9CE28FC-551A-42AA-B319-3F43428CEB5F}.Ad-Hoc|ARM.ActiveCfg = Release|Any CPU
		{F9CE28FC-551A-42AA-B319-3F43428CEB5F}.Ad-Hoc|ARM.Build.0 = Release|Any CPU
		{F9CE28FC-551A-42AA-B319-3F43428CEB5F}.Ad-Hoc|ARM64.ActiveCfg = Release|Any CPU
		{F9CE28FC-551A-42AA-B319-3F43428CEB5F}.Ad-Hoc|ARM64.Build.0 = Release|Any CPU
		{F9CE28FC-551A-42AA-B319-3F43428CEB5F}.Ad-Hoc|iPhone.ActiveCfg = Debug|Any CPU
		{F9CE28FC-551A-42AA-B319-3F43428CEB5F}.Ad-Hoc|iPhone.Build.0 = Debug|Any CPU
		{F9CE28FC-551A-42AA-B319-3F43428CEB5F}.Ad-Hoc|iPhoneSimulator.ActiveCfg = Debug|Any CPU
		{F9CE28FC-551A-42AA-B319-3F43428CEB5F}.Ad-Hoc|iPhoneSimulator.Build.0 = Debug|Any CPU
		{F9CE28FC-551A-42AA-B319-3F43428CEB5F}.Ad-Hoc|x64.ActiveCfg = Release|Any CPU
		{F9CE28FC-551A-42AA-B319-3F43428CEB5F}.Ad-Hoc|x64.Build.0 = Release|Any CPU
		{F9CE28FC-551A-42AA-B319-3F43428CEB5F}.Ad-Hoc|x86.ActiveCfg = Release|Any CPU
		{F9CE28FC-551A-42AA-B319-3F43428CEB5F}.Ad-Hoc|x86.Build.0 = Release|Any CPU
		{F9CE28FC-551A-42AA-B319-3F43428CEB5F}.AppStore|Any CPU.ActiveCfg = Debug|Any CPU
		{F9CE28FC-551A-42AA-B319-3F43428CEB5F}.AppStore|Any CPU.Build.0 = Debug|Any CPU
		{F9CE28FC-551A-42AA-B319-3F43428CEB5F}.AppStore|ARM.ActiveCfg = Release|Any CPU
		{F9CE28FC-551A-42AA-B319-3F43428CEB5F}.AppStore|ARM.Build.0 = Release|Any CPU
		{F9CE28FC-551A-42AA-B319-3F43428CEB5F}.AppStore|ARM64.ActiveCfg = Release|Any CPU
		{F9CE28FC-551A-42AA-B319-3F43428CEB5F}.AppStore|ARM64.Build.0 = Release|Any CPU
		{F9CE28FC-551A-42AA-B319-3F43428CEB5F}.AppStore|iPhone.ActiveCfg = Debug|Any CPU
		{F9CE28FC-551A-42AA-B319-3F43428CEB5F}.AppStore|iPhone.Build.0 = Debug|Any CPU
		{F9CE28FC-551A-42AA-B319-3F43428CEB5F}.AppStore|iPhoneSimulator.ActiveCfg = Debug|Any CPU
		{F9CE28FC-551A-42AA-B319-3F43428CEB5F}.AppStore|iPhoneSimulator.Build.0 = Debug|Any CPU
		{F9CE28FC-551A-42AA-B319-3F43428CEB5F}.AppStore|x64.ActiveCfg = Release|Any CPU
		{F9CE28FC-551A-42AA-B319-3F43428CEB5F}.AppStore|x64.Build.0 = Release|Any CPU
		{F9CE28FC-551A-42AA-B319-3F43428CEB5F}.AppStore|x86.ActiveCfg = Release|Any CPU
		{F9CE28FC-551A-42AA-B319-3F43428CEB5F}.AppStore|x86.Build.0 = Release|Any CPU
		{F9CE28FC-551A-42AA-B319-3F43428CEB5F}.Debug|Any CPU.ActiveCfg = Debug|Any CPU
		{F9CE28FC-551A-42AA-B319-3F43428CEB5F}.Debug|Any CPU.Build.0 = Debug|Any CPU
		{F9CE28FC-551A-42AA-B319-3F43428CEB5F}.Debug|ARM.ActiveCfg = Debug|Any CPU
		{F9CE28FC-551A-42AA-B319-3F43428CEB5F}.Debug|ARM.Build.0 = Debug|Any CPU
		{F9CE28FC-551A-42AA-B319-3F43428CEB5F}.Debug|ARM64.ActiveCfg = Debug|Any CPU
		{F9CE28FC-551A-42AA-B319-3F43428CEB5F}.Debug|ARM64.Build.0 = Debug|Any CPU
		{F9CE28FC-551A-42AA-B319-3F43428CEB5F}.Debug|iPhone.ActiveCfg = Debug|Any CPU
		{F9CE28FC-551A-42AA-B319-3F43428CEB5F}.Debug|iPhone.Build.0 = Debug|Any CPU
		{F9CE28FC-551A-42AA-B319-3F43428CEB5F}.Debug|iPhoneSimulator.ActiveCfg = Debug|Any CPU
		{F9CE28FC-551A-42AA-B319-3F43428CEB5F}.Debug|iPhoneSimulator.Build.0 = Debug|Any CPU
		{F9CE28FC-551A-42AA-B319-3F43428CEB5F}.Debug|x64.ActiveCfg = Debug|Any CPU
		{F9CE28FC-551A-42AA-B319-3F43428CEB5F}.Debug|x64.Build.0 = Debug|Any CPU
		{F9CE28FC-551A-42AA-B319-3F43428CEB5F}.Debug|x86.ActiveCfg = Debug|Any CPU
		{F9CE28FC-551A-42AA-B319-3F43428CEB5F}.Debug|x86.Build.0 = Debug|Any CPU
		{F9CE28FC-551A-42AA-B319-3F43428CEB5F}.Release|Any CPU.ActiveCfg = Release|Any CPU
		{F9CE28FC-551A-42AA-B319-3F43428CEB5F}.Release|Any CPU.Build.0 = Release|Any CPU
		{F9CE28FC-551A-42AA-B319-3F43428CEB5F}.Release|ARM.ActiveCfg = Release|Any CPU
		{F9CE28FC-551A-42AA-B319-3F43428CEB5F}.Release|ARM.Build.0 = Release|Any CPU
		{F9CE28FC-551A-42AA-B319-3F43428CEB5F}.Release|ARM64.ActiveCfg = Release|Any CPU
		{F9CE28FC-551A-42AA-B319-3F43428CEB5F}.Release|ARM64.Build.0 = Release|Any CPU
		{F9CE28FC-551A-42AA-B319-3F43428CEB5F}.Release|iPhone.ActiveCfg = Release|Any CPU
		{F9CE28FC-551A-42AA-B319-3F43428CEB5F}.Release|iPhone.Build.0 = Release|Any CPU
		{F9CE28FC-551A-42AA-B319-3F43428CEB5F}.Release|iPhoneSimulator.ActiveCfg = Release|Any CPU
		{F9CE28FC-551A-42AA-B319-3F43428CEB5F}.Release|iPhoneSimulator.Build.0 = Release|Any CPU
		{F9CE28FC-551A-42AA-B319-3F43428CEB5F}.Release|x64.ActiveCfg = Release|Any CPU
		{F9CE28FC-551A-42AA-B319-3F43428CEB5F}.Release|x64.Build.0 = Release|Any CPU
		{F9CE28FC-551A-42AA-B319-3F43428CEB5F}.Release|x86.ActiveCfg = Release|Any CPU
		{F9CE28FC-551A-42AA-B319-3F43428CEB5F}.Release|x86.Build.0 = Release|Any CPU
		{F9CE28FC-551A-42AA-B319-3F43428CEB5F}.Sample Release|Any CPU.ActiveCfg = Release|Any CPU
		{F9CE28FC-551A-42AA-B319-3F43428CEB5F}.Sample Release|Any CPU.Build.0 = Release|Any CPU
		{F9CE28FC-551A-42AA-B319-3F43428CEB5F}.Sample Release|ARM.ActiveCfg = Release|Any CPU
		{F9CE28FC-551A-42AA-B319-3F43428CEB5F}.Sample Release|ARM.Build.0 = Release|Any CPU
		{F9CE28FC-551A-42AA-B319-3F43428CEB5F}.Sample Release|ARM64.ActiveCfg = Release|Any CPU
		{F9CE28FC-551A-42AA-B319-3F43428CEB5F}.Sample Release|ARM64.Build.0 = Release|Any CPU
		{F9CE28FC-551A-42AA-B319-3F43428CEB5F}.Sample Release|iPhone.ActiveCfg = Release|Any CPU
		{F9CE28FC-551A-42AA-B319-3F43428CEB5F}.Sample Release|iPhone.Build.0 = Release|Any CPU
		{F9CE28FC-551A-42AA-B319-3F43428CEB5F}.Sample Release|iPhoneSimulator.ActiveCfg = Release|Any CPU
		{F9CE28FC-551A-42AA-B319-3F43428CEB5F}.Sample Release|iPhoneSimulator.Build.0 = Release|Any CPU
		{F9CE28FC-551A-42AA-B319-3F43428CEB5F}.Sample Release|x64.ActiveCfg = Release|Any CPU
		{F9CE28FC-551A-42AA-B319-3F43428CEB5F}.Sample Release|x64.Build.0 = Release|Any CPU
		{F9CE28FC-551A-42AA-B319-3F43428CEB5F}.Sample Release|x86.ActiveCfg = Release|Any CPU
		{F9CE28FC-551A-42AA-B319-3F43428CEB5F}.Sample Release|x86.Build.0 = Release|Any CPU
		{4A684BB2-2CB4-4B04-8541-FF0FA677DD49}.Ad-Hoc|Any CPU.ActiveCfg = Sample Release|Any CPU
		{4A684BB2-2CB4-4B04-8541-FF0FA677DD49}.Ad-Hoc|Any CPU.Build.0 = Sample Release|Any CPU
		{4A684BB2-2CB4-4B04-8541-FF0FA677DD49}.Ad-Hoc|Any CPU.Deploy.0 = Sample Release|Any CPU
		{4A684BB2-2CB4-4B04-8541-FF0FA677DD49}.Ad-Hoc|ARM.ActiveCfg = Release|Any CPU
		{4A684BB2-2CB4-4B04-8541-FF0FA677DD49}.Ad-Hoc|ARM64.ActiveCfg = Release|Any CPU
		{4A684BB2-2CB4-4B04-8541-FF0FA677DD49}.Ad-Hoc|iPhone.ActiveCfg = Sample Release|Any CPU
		{4A684BB2-2CB4-4B04-8541-FF0FA677DD49}.Ad-Hoc|iPhone.Build.0 = Sample Release|Any CPU
		{4A684BB2-2CB4-4B04-8541-FF0FA677DD49}.Ad-Hoc|iPhone.Deploy.0 = Sample Release|Any CPU
		{4A684BB2-2CB4-4B04-8541-FF0FA677DD49}.Ad-Hoc|iPhoneSimulator.ActiveCfg = Sample Release|Any CPU
		{4A684BB2-2CB4-4B04-8541-FF0FA677DD49}.Ad-Hoc|iPhoneSimulator.Build.0 = Sample Release|Any CPU
		{4A684BB2-2CB4-4B04-8541-FF0FA677DD49}.Ad-Hoc|iPhoneSimulator.Deploy.0 = Sample Release|Any CPU
		{4A684BB2-2CB4-4B04-8541-FF0FA677DD49}.Ad-Hoc|x64.ActiveCfg = Release|Any CPU
		{4A684BB2-2CB4-4B04-8541-FF0FA677DD49}.Ad-Hoc|x86.ActiveCfg = Release|Any CPU
		{4A684BB2-2CB4-4B04-8541-FF0FA677DD49}.AppStore|Any CPU.ActiveCfg = Sample Release|Any CPU
		{4A684BB2-2CB4-4B04-8541-FF0FA677DD49}.AppStore|Any CPU.Build.0 = Sample Release|Any CPU
		{4A684BB2-2CB4-4B04-8541-FF0FA677DD49}.AppStore|Any CPU.Deploy.0 = Sample Release|Any CPU
		{4A684BB2-2CB4-4B04-8541-FF0FA677DD49}.AppStore|ARM.ActiveCfg = Release|Any CPU
		{4A684BB2-2CB4-4B04-8541-FF0FA677DD49}.AppStore|ARM64.ActiveCfg = Release|Any CPU
		{4A684BB2-2CB4-4B04-8541-FF0FA677DD49}.AppStore|iPhone.ActiveCfg = Sample Release|Any CPU
		{4A684BB2-2CB4-4B04-8541-FF0FA677DD49}.AppStore|iPhone.Build.0 = Sample Release|Any CPU
		{4A684BB2-2CB4-4B04-8541-FF0FA677DD49}.AppStore|iPhone.Deploy.0 = Sample Release|Any CPU
		{4A684BB2-2CB4-4B04-8541-FF0FA677DD49}.AppStore|iPhoneSimulator.ActiveCfg = Sample Release|Any CPU
		{4A684BB2-2CB4-4B04-8541-FF0FA677DD49}.AppStore|iPhoneSimulator.Build.0 = Sample Release|Any CPU
		{4A684BB2-2CB4-4B04-8541-FF0FA677DD49}.AppStore|iPhoneSimulator.Deploy.0 = Sample Release|Any CPU
		{4A684BB2-2CB4-4B04-8541-FF0FA677DD49}.AppStore|x64.ActiveCfg = Release|Any CPU
		{4A684BB2-2CB4-4B04-8541-FF0FA677DD49}.AppStore|x86.ActiveCfg = Release|Any CPU
		{4A684BB2-2CB4-4B04-8541-FF0FA677DD49}.Debug|Any CPU.ActiveCfg = Debug|Any CPU
		{4A684BB2-2CB4-4B04-8541-FF0FA677DD49}.Debug|Any CPU.Build.0 = Debug|Any CPU
		{4A684BB2-2CB4-4B04-8541-FF0FA677DD49}.Debug|Any CPU.Deploy.0 = Debug|Any CPU
		{4A684BB2-2CB4-4B04-8541-FF0FA677DD49}.Debug|ARM.ActiveCfg = Debug|Any CPU
		{4A684BB2-2CB4-4B04-8541-FF0FA677DD49}.Debug|ARM64.ActiveCfg = Debug|Any CPU
		{4A684BB2-2CB4-4B04-8541-FF0FA677DD49}.Debug|iPhone.ActiveCfg = Debug|Any CPU
		{4A684BB2-2CB4-4B04-8541-FF0FA677DD49}.Debug|iPhone.Build.0 = Debug|Any CPU
		{4A684BB2-2CB4-4B04-8541-FF0FA677DD49}.Debug|iPhone.Deploy.0 = Debug|Any CPU
		{4A684BB2-2CB4-4B04-8541-FF0FA677DD49}.Debug|iPhoneSimulator.ActiveCfg = Debug|Any CPU
		{4A684BB2-2CB4-4B04-8541-FF0FA677DD49}.Debug|iPhoneSimulator.Build.0 = Debug|Any CPU
		{4A684BB2-2CB4-4B04-8541-FF0FA677DD49}.Debug|iPhoneSimulator.Deploy.0 = Debug|Any CPU
		{4A684BB2-2CB4-4B04-8541-FF0FA677DD49}.Debug|x64.ActiveCfg = Debug|Any CPU
		{4A684BB2-2CB4-4B04-8541-FF0FA677DD49}.Debug|x86.ActiveCfg = Debug|Any CPU
		{4A684BB2-2CB4-4B04-8541-FF0FA677DD49}.Release|Any CPU.ActiveCfg = Release|Any CPU
		{4A684BB2-2CB4-4B04-8541-FF0FA677DD49}.Release|Any CPU.Build.0 = Release|Any CPU
		{4A684BB2-2CB4-4B04-8541-FF0FA677DD49}.Release|Any CPU.Deploy.0 = Release|Any CPU
		{4A684BB2-2CB4-4B04-8541-FF0FA677DD49}.Release|ARM.ActiveCfg = Release|Any CPU
		{4A684BB2-2CB4-4B04-8541-FF0FA677DD49}.Release|ARM64.ActiveCfg = Release|Any CPU
		{4A684BB2-2CB4-4B04-8541-FF0FA677DD49}.Release|iPhone.ActiveCfg = Release|Any CPU
		{4A684BB2-2CB4-4B04-8541-FF0FA677DD49}.Release|iPhone.Build.0 = Release|Any CPU
		{4A684BB2-2CB4-4B04-8541-FF0FA677DD49}.Release|iPhone.Deploy.0 = Release|Any CPU
		{4A684BB2-2CB4-4B04-8541-FF0FA677DD49}.Release|iPhoneSimulator.ActiveCfg = Release|Any CPU
		{4A684BB2-2CB4-4B04-8541-FF0FA677DD49}.Release|iPhoneSimulator.Build.0 = Release|Any CPU
		{4A684BB2-2CB4-4B04-8541-FF0FA677DD49}.Release|iPhoneSimulator.Deploy.0 = Release|Any CPU
		{4A684BB2-2CB4-4B04-8541-FF0FA677DD49}.Release|x64.ActiveCfg = Release|Any CPU
		{4A684BB2-2CB4-4B04-8541-FF0FA677DD49}.Release|x86.ActiveCfg = Release|Any CPU
		{4A684BB2-2CB4-4B04-8541-FF0FA677DD49}.Sample Release|Any CPU.ActiveCfg = Sample Release|Any CPU
		{4A684BB2-2CB4-4B04-8541-FF0FA677DD49}.Sample Release|Any CPU.Build.0 = Sample Release|Any CPU
		{4A684BB2-2CB4-4B04-8541-FF0FA677DD49}.Sample Release|Any CPU.Deploy.0 = Sample Release|Any CPU
		{4A684BB2-2CB4-4B04-8541-FF0FA677DD49}.Sample Release|ARM.ActiveCfg = Sample Release|Any CPU
		{4A684BB2-2CB4-4B04-8541-FF0FA677DD49}.Sample Release|ARM64.ActiveCfg = Sample Release|Any CPU
		{4A684BB2-2CB4-4B04-8541-FF0FA677DD49}.Sample Release|iPhone.ActiveCfg = Sample Release|Any CPU
		{4A684BB2-2CB4-4B04-8541-FF0FA677DD49}.Sample Release|iPhone.Build.0 = Sample Release|Any CPU
		{4A684BB2-2CB4-4B04-8541-FF0FA677DD49}.Sample Release|iPhone.Deploy.0 = Sample Release|Any CPU
		{4A684BB2-2CB4-4B04-8541-FF0FA677DD49}.Sample Release|iPhoneSimulator.ActiveCfg = Sample Release|Any CPU
		{4A684BB2-2CB4-4B04-8541-FF0FA677DD49}.Sample Release|iPhoneSimulator.Build.0 = Sample Release|Any CPU
		{4A684BB2-2CB4-4B04-8541-FF0FA677DD49}.Sample Release|iPhoneSimulator.Deploy.0 = Sample Release|Any CPU
		{4A684BB2-2CB4-4B04-8541-FF0FA677DD49}.Sample Release|x64.ActiveCfg = Sample Release|Any CPU
		{4A684BB2-2CB4-4B04-8541-FF0FA677DD49}.Sample Release|x86.ActiveCfg = Sample Release|Any CPU
		{A5BBADB1-F348-49CD-8264-59B5BE8E9F17}.Ad-Hoc|Any CPU.ActiveCfg = Ad-Hoc|Any CPU
		{A5BBADB1-F348-49CD-8264-59B5BE8E9F17}.Ad-Hoc|Any CPU.Build.0 = Ad-Hoc|Any CPU
		{A5BBADB1-F348-49CD-8264-59B5BE8E9F17}.Ad-Hoc|ARM.ActiveCfg = Ad-Hoc|Any CPU
		{A5BBADB1-F348-49CD-8264-59B5BE8E9F17}.Ad-Hoc|ARM64.ActiveCfg = Ad-Hoc|Any CPU
		{A5BBADB1-F348-49CD-8264-59B5BE8E9F17}.Ad-Hoc|iPhone.ActiveCfg = Ad-Hoc|iPhone
		{A5BBADB1-F348-49CD-8264-59B5BE8E9F17}.Ad-Hoc|iPhone.Build.0 = Ad-Hoc|iPhone
		{A5BBADB1-F348-49CD-8264-59B5BE8E9F17}.Ad-Hoc|iPhoneSimulator.ActiveCfg = Ad-Hoc|iPhoneSimulator
		{A5BBADB1-F348-49CD-8264-59B5BE8E9F17}.Ad-Hoc|iPhoneSimulator.Build.0 = Ad-Hoc|iPhoneSimulator
		{A5BBADB1-F348-49CD-8264-59B5BE8E9F17}.Ad-Hoc|x64.ActiveCfg = Ad-Hoc|Any CPU
		{A5BBADB1-F348-49CD-8264-59B5BE8E9F17}.Ad-Hoc|x86.ActiveCfg = Ad-Hoc|Any CPU
		{A5BBADB1-F348-49CD-8264-59B5BE8E9F17}.AppStore|Any CPU.ActiveCfg = AppStore|Any CPU
		{A5BBADB1-F348-49CD-8264-59B5BE8E9F17}.AppStore|Any CPU.Build.0 = AppStore|Any CPU
		{A5BBADB1-F348-49CD-8264-59B5BE8E9F17}.AppStore|ARM.ActiveCfg = AppStore|Any CPU
		{A5BBADB1-F348-49CD-8264-59B5BE8E9F17}.AppStore|ARM64.ActiveCfg = AppStore|Any CPU
		{A5BBADB1-F348-49CD-8264-59B5BE8E9F17}.AppStore|iPhone.ActiveCfg = AppStore|iPhone
		{A5BBADB1-F348-49CD-8264-59B5BE8E9F17}.AppStore|iPhone.Build.0 = AppStore|iPhone
		{A5BBADB1-F348-49CD-8264-59B5BE8E9F17}.AppStore|iPhoneSimulator.ActiveCfg = AppStore|iPhoneSimulator
		{A5BBADB1-F348-49CD-8264-59B5BE8E9F17}.AppStore|iPhoneSimulator.Build.0 = AppStore|iPhoneSimulator
		{A5BBADB1-F348-49CD-8264-59B5BE8E9F17}.AppStore|x64.ActiveCfg = AppStore|Any CPU
		{A5BBADB1-F348-49CD-8264-59B5BE8E9F17}.AppStore|x86.ActiveCfg = AppStore|Any CPU
		{A5BBADB1-F348-49CD-8264-59B5BE8E9F17}.Debug|Any CPU.ActiveCfg = Debug|Any CPU
		{A5BBADB1-F348-49CD-8264-59B5BE8E9F17}.Debug|Any CPU.Build.0 = Debug|Any CPU
		{A5BBADB1-F348-49CD-8264-59B5BE8E9F17}.Debug|ARM.ActiveCfg = Debug|Any CPU
		{A5BBADB1-F348-49CD-8264-59B5BE8E9F17}.Debug|ARM64.ActiveCfg = Debug|Any CPU
		{A5BBADB1-F348-49CD-8264-59B5BE8E9F17}.Debug|iPhone.ActiveCfg = Debug|iPhone
		{A5BBADB1-F348-49CD-8264-59B5BE8E9F17}.Debug|iPhone.Build.0 = Debug|iPhone
		{A5BBADB1-F348-49CD-8264-59B5BE8E9F17}.Debug|iPhoneSimulator.ActiveCfg = Debug|iPhoneSimulator
		{A5BBADB1-F348-49CD-8264-59B5BE8E9F17}.Debug|iPhoneSimulator.Build.0 = Debug|iPhoneSimulator
		{A5BBADB1-F348-49CD-8264-59B5BE8E9F17}.Debug|x64.ActiveCfg = Debug|Any CPU
		{A5BBADB1-F348-49CD-8264-59B5BE8E9F17}.Debug|x86.ActiveCfg = Debug|Any CPU
		{A5BBADB1-F348-49CD-8264-59B5BE8E9F17}.Release|Any CPU.ActiveCfg = Release|Any CPU
		{A5BBADB1-F348-49CD-8264-59B5BE8E9F17}.Release|Any CPU.Build.0 = Release|Any CPU
		{A5BBADB1-F348-49CD-8264-59B5BE8E9F17}.Release|ARM.ActiveCfg = Release|Any CPU
		{A5BBADB1-F348-49CD-8264-59B5BE8E9F17}.Release|ARM64.ActiveCfg = Release|Any CPU
		{A5BBADB1-F348-49CD-8264-59B5BE8E9F17}.Release|iPhone.ActiveCfg = Release|iPhone
		{A5BBADB1-F348-49CD-8264-59B5BE8E9F17}.Release|iPhone.Build.0 = Release|iPhone
		{A5BBADB1-F348-49CD-8264-59B5BE8E9F17}.Release|iPhoneSimulator.ActiveCfg = Release|iPhoneSimulator
		{A5BBADB1-F348-49CD-8264-59B5BE8E9F17}.Release|iPhoneSimulator.Build.0 = Release|iPhoneSimulator
		{A5BBADB1-F348-49CD-8264-59B5BE8E9F17}.Release|x64.ActiveCfg = Release|Any CPU
		{A5BBADB1-F348-49CD-8264-59B5BE8E9F17}.Release|x86.ActiveCfg = Release|Any CPU
		{A5BBADB1-F348-49CD-8264-59B5BE8E9F17}.Sample Release|Any CPU.ActiveCfg = Sample Release|Any CPU
		{A5BBADB1-F348-49CD-8264-59B5BE8E9F17}.Sample Release|Any CPU.Build.0 = Sample Release|Any CPU
		{A5BBADB1-F348-49CD-8264-59B5BE8E9F17}.Sample Release|ARM.ActiveCfg = Sample Release|Any CPU
		{A5BBADB1-F348-49CD-8264-59B5BE8E9F17}.Sample Release|ARM64.ActiveCfg = Sample Release|Any CPU
		{A5BBADB1-F348-49CD-8264-59B5BE8E9F17}.Sample Release|iPhone.ActiveCfg = Sample Release|iPhone
		{A5BBADB1-F348-49CD-8264-59B5BE8E9F17}.Sample Release|iPhone.Build.0 = Sample Release|iPhone
		{A5BBADB1-F348-49CD-8264-59B5BE8E9F17}.Sample Release|iPhoneSimulator.ActiveCfg = Sample Release|iPhoneSimulator
		{A5BBADB1-F348-49CD-8264-59B5BE8E9F17}.Sample Release|iPhoneSimulator.Build.0 = Sample Release|iPhoneSimulator
		{A5BBADB1-F348-49CD-8264-59B5BE8E9F17}.Sample Release|x64.ActiveCfg = Sample Release|Any CPU
		{A5BBADB1-F348-49CD-8264-59B5BE8E9F17}.Sample Release|x86.ActiveCfg = Sample Release|Any CPU
		{563C01C8-AF6F-4C53-B84F-5CCDEA2683D0}.Ad-Hoc|Any CPU.ActiveCfg = Debug|Any CPU
		{563C01C8-AF6F-4C53-B84F-5CCDEA2683D0}.Ad-Hoc|Any CPU.Build.0 = Debug|Any CPU
		{563C01C8-AF6F-4C53-B84F-5CCDEA2683D0}.Ad-Hoc|ARM.ActiveCfg = Release|Any CPU
		{563C01C8-AF6F-4C53-B84F-5CCDEA2683D0}.Ad-Hoc|ARM.Build.0 = Release|Any CPU
		{563C01C8-AF6F-4C53-B84F-5CCDEA2683D0}.Ad-Hoc|ARM64.ActiveCfg = Release|Any CPU
		{563C01C8-AF6F-4C53-B84F-5CCDEA2683D0}.Ad-Hoc|ARM64.Build.0 = Release|Any CPU
		{563C01C8-AF6F-4C53-B84F-5CCDEA2683D0}.Ad-Hoc|iPhone.ActiveCfg = Debug|Any CPU
		{563C01C8-AF6F-4C53-B84F-5CCDEA2683D0}.Ad-Hoc|iPhone.Build.0 = Debug|Any CPU
		{563C01C8-AF6F-4C53-B84F-5CCDEA2683D0}.Ad-Hoc|iPhoneSimulator.ActiveCfg = Debug|Any CPU
		{563C01C8-AF6F-4C53-B84F-5CCDEA2683D0}.Ad-Hoc|iPhoneSimulator.Build.0 = Debug|Any CPU
		{563C01C8-AF6F-4C53-B84F-5CCDEA2683D0}.Ad-Hoc|x64.ActiveCfg = Release|Any CPU
		{563C01C8-AF6F-4C53-B84F-5CCDEA2683D0}.Ad-Hoc|x64.Build.0 = Release|Any CPU
		{563C01C8-AF6F-4C53-B84F-5CCDEA2683D0}.Ad-Hoc|x86.ActiveCfg = Release|Any CPU
		{563C01C8-AF6F-4C53-B84F-5CCDEA2683D0}.Ad-Hoc|x86.Build.0 = Release|Any CPU
		{563C01C8-AF6F-4C53-B84F-5CCDEA2683D0}.AppStore|Any CPU.ActiveCfg = Debug|Any CPU
		{563C01C8-AF6F-4C53-B84F-5CCDEA2683D0}.AppStore|Any CPU.Build.0 = Debug|Any CPU
		{563C01C8-AF6F-4C53-B84F-5CCDEA2683D0}.AppStore|ARM.ActiveCfg = Release|Any CPU
		{563C01C8-AF6F-4C53-B84F-5CCDEA2683D0}.AppStore|ARM.Build.0 = Release|Any CPU
		{563C01C8-AF6F-4C53-B84F-5CCDEA2683D0}.AppStore|ARM64.ActiveCfg = Release|Any CPU
		{563C01C8-AF6F-4C53-B84F-5CCDEA2683D0}.AppStore|ARM64.Build.0 = Release|Any CPU
		{563C01C8-AF6F-4C53-B84F-5CCDEA2683D0}.AppStore|iPhone.ActiveCfg = Debug|Any CPU
		{563C01C8-AF6F-4C53-B84F-5CCDEA2683D0}.AppStore|iPhone.Build.0 = Debug|Any CPU
		{563C01C8-AF6F-4C53-B84F-5CCDEA2683D0}.AppStore|iPhoneSimulator.ActiveCfg = Debug|Any CPU
		{563C01C8-AF6F-4C53-B84F-5CCDEA2683D0}.AppStore|iPhoneSimulator.Build.0 = Debug|Any CPU
		{563C01C8-AF6F-4C53-B84F-5CCDEA2683D0}.AppStore|x64.ActiveCfg = Release|Any CPU
		{563C01C8-AF6F-4C53-B84F-5CCDEA2683D0}.AppStore|x64.Build.0 = Release|Any CPU
		{563C01C8-AF6F-4C53-B84F-5CCDEA2683D0}.AppStore|x86.ActiveCfg = Release|Any CPU
		{563C01C8-AF6F-4C53-B84F-5CCDEA2683D0}.AppStore|x86.Build.0 = Release|Any CPU
		{563C01C8-AF6F-4C53-B84F-5CCDEA2683D0}.Debug|Any CPU.ActiveCfg = Debug|Any CPU
		{563C01C8-AF6F-4C53-B84F-5CCDEA2683D0}.Debug|Any CPU.Build.0 = Debug|Any CPU
		{563C01C8-AF6F-4C53-B84F-5CCDEA2683D0}.Debug|ARM.ActiveCfg = Debug|Any CPU
		{563C01C8-AF6F-4C53-B84F-5CCDEA2683D0}.Debug|ARM.Build.0 = Debug|Any CPU
		{563C01C8-AF6F-4C53-B84F-5CCDEA2683D0}.Debug|ARM64.ActiveCfg = Debug|Any CPU
		{563C01C8-AF6F-4C53-B84F-5CCDEA2683D0}.Debug|ARM64.Build.0 = Debug|Any CPU
		{563C01C8-AF6F-4C53-B84F-5CCDEA2683D0}.Debug|iPhone.ActiveCfg = Debug|Any CPU
		{563C01C8-AF6F-4C53-B84F-5CCDEA2683D0}.Debug|iPhone.Build.0 = Debug|Any CPU
		{563C01C8-AF6F-4C53-B84F-5CCDEA2683D0}.Debug|iPhoneSimulator.ActiveCfg = Debug|Any CPU
		{563C01C8-AF6F-4C53-B84F-5CCDEA2683D0}.Debug|iPhoneSimulator.Build.0 = Debug|Any CPU
		{563C01C8-AF6F-4C53-B84F-5CCDEA2683D0}.Debug|x64.ActiveCfg = Debug|Any CPU
		{563C01C8-AF6F-4C53-B84F-5CCDEA2683D0}.Debug|x64.Build.0 = Debug|Any CPU
		{563C01C8-AF6F-4C53-B84F-5CCDEA2683D0}.Debug|x86.ActiveCfg = Debug|Any CPU
		{563C01C8-AF6F-4C53-B84F-5CCDEA2683D0}.Debug|x86.Build.0 = Debug|Any CPU
		{563C01C8-AF6F-4C53-B84F-5CCDEA2683D0}.Release|Any CPU.ActiveCfg = Release|Any CPU
		{563C01C8-AF6F-4C53-B84F-5CCDEA2683D0}.Release|Any CPU.Build.0 = Release|Any CPU
		{563C01C8-AF6F-4C53-B84F-5CCDEA2683D0}.Release|ARM.ActiveCfg = Release|Any CPU
		{563C01C8-AF6F-4C53-B84F-5CCDEA2683D0}.Release|ARM.Build.0 = Release|Any CPU
		{563C01C8-AF6F-4C53-B84F-5CCDEA2683D0}.Release|ARM64.ActiveCfg = Release|Any CPU
		{563C01C8-AF6F-4C53-B84F-5CCDEA2683D0}.Release|ARM64.Build.0 = Release|Any CPU
		{563C01C8-AF6F-4C53-B84F-5CCDEA2683D0}.Release|iPhone.ActiveCfg = Release|Any CPU
		{563C01C8-AF6F-4C53-B84F-5CCDEA2683D0}.Release|iPhone.Build.0 = Release|Any CPU
		{563C01C8-AF6F-4C53-B84F-5CCDEA2683D0}.Release|iPhoneSimulator.ActiveCfg = Release|Any CPU
		{563C01C8-AF6F-4C53-B84F-5CCDEA2683D0}.Release|iPhoneSimulator.Build.0 = Release|Any CPU
		{563C01C8-AF6F-4C53-B84F-5CCDEA2683D0}.Release|x64.ActiveCfg = Release|Any CPU
		{563C01C8-AF6F-4C53-B84F-5CCDEA2683D0}.Release|x64.Build.0 = Release|Any CPU
		{563C01C8-AF6F-4C53-B84F-5CCDEA2683D0}.Release|x86.ActiveCfg = Release|Any CPU
		{563C01C8-AF6F-4C53-B84F-5CCDEA2683D0}.Release|x86.Build.0 = Release|Any CPU
		{563C01C8-AF6F-4C53-B84F-5CCDEA2683D0}.Sample Release|Any CPU.ActiveCfg = Release|Any CPU
		{563C01C8-AF6F-4C53-B84F-5CCDEA2683D0}.Sample Release|Any CPU.Build.0 = Release|Any CPU
		{563C01C8-AF6F-4C53-B84F-5CCDEA2683D0}.Sample Release|ARM.ActiveCfg = Release|Any CPU
		{563C01C8-AF6F-4C53-B84F-5CCDEA2683D0}.Sample Release|ARM.Build.0 = Release|Any CPU
		{563C01C8-AF6F-4C53-B84F-5CCDEA2683D0}.Sample Release|ARM64.ActiveCfg = Release|Any CPU
		{563C01C8-AF6F-4C53-B84F-5CCDEA2683D0}.Sample Release|ARM64.Build.0 = Release|Any CPU
		{563C01C8-AF6F-4C53-B84F-5CCDEA2683D0}.Sample Release|iPhone.ActiveCfg = Release|Any CPU
		{563C01C8-AF6F-4C53-B84F-5CCDEA2683D0}.Sample Release|iPhone.Build.0 = Release|Any CPU
		{563C01C8-AF6F-4C53-B84F-5CCDEA2683D0}.Sample Release|iPhoneSimulator.ActiveCfg = Release|Any CPU
		{563C01C8-AF6F-4C53-B84F-5CCDEA2683D0}.Sample Release|iPhoneSimulator.Build.0 = Release|Any CPU
		{563C01C8-AF6F-4C53-B84F-5CCDEA2683D0}.Sample Release|x64.ActiveCfg = Release|Any CPU
		{563C01C8-AF6F-4C53-B84F-5CCDEA2683D0}.Sample Release|x64.Build.0 = Release|Any CPU
		{563C01C8-AF6F-4C53-B84F-5CCDEA2683D0}.Sample Release|x86.ActiveCfg = Release|Any CPU
		{563C01C8-AF6F-4C53-B84F-5CCDEA2683D0}.Sample Release|x86.Build.0 = Release|Any CPU
		{4CB1EA89-590E-4D10-9D2E-BE185F9EB043}.Ad-Hoc|Any CPU.ActiveCfg = Release|x64
		{4CB1EA89-590E-4D10-9D2E-BE185F9EB043}.Ad-Hoc|Any CPU.Build.0 = Release|x64
		{4CB1EA89-590E-4D10-9D2E-BE185F9EB043}.Ad-Hoc|Any CPU.Deploy.0 = Release|x64
		{4CB1EA89-590E-4D10-9D2E-BE185F9EB043}.Ad-Hoc|ARM.ActiveCfg = Release|ARM
		{4CB1EA89-590E-4D10-9D2E-BE185F9EB043}.Ad-Hoc|ARM.Build.0 = Release|ARM
		{4CB1EA89-590E-4D10-9D2E-BE185F9EB043}.Ad-Hoc|ARM.Deploy.0 = Release|ARM
		{4CB1EA89-590E-4D10-9D2E-BE185F9EB043}.Ad-Hoc|ARM64.ActiveCfg = Release|ARM64
		{4CB1EA89-590E-4D10-9D2E-BE185F9EB043}.Ad-Hoc|ARM64.Build.0 = Release|ARM64
		{4CB1EA89-590E-4D10-9D2E-BE185F9EB043}.Ad-Hoc|ARM64.Deploy.0 = Release|ARM64
		{4CB1EA89-590E-4D10-9D2E-BE185F9EB043}.Ad-Hoc|iPhone.ActiveCfg = Release|x64
		{4CB1EA89-590E-4D10-9D2E-BE185F9EB043}.Ad-Hoc|iPhone.Build.0 = Release|x64
		{4CB1EA89-590E-4D10-9D2E-BE185F9EB043}.Ad-Hoc|iPhone.Deploy.0 = Release|x64
		{4CB1EA89-590E-4D10-9D2E-BE185F9EB043}.Ad-Hoc|iPhoneSimulator.ActiveCfg = Release|x64
		{4CB1EA89-590E-4D10-9D2E-BE185F9EB043}.Ad-Hoc|iPhoneSimulator.Build.0 = Release|x64
		{4CB1EA89-590E-4D10-9D2E-BE185F9EB043}.Ad-Hoc|iPhoneSimulator.Deploy.0 = Release|x64
		{4CB1EA89-590E-4D10-9D2E-BE185F9EB043}.Ad-Hoc|x64.ActiveCfg = Release|x64
		{4CB1EA89-590E-4D10-9D2E-BE185F9EB043}.Ad-Hoc|x64.Build.0 = Release|x64
		{4CB1EA89-590E-4D10-9D2E-BE185F9EB043}.Ad-Hoc|x64.Deploy.0 = Release|x64
		{4CB1EA89-590E-4D10-9D2E-BE185F9EB043}.Ad-Hoc|x86.ActiveCfg = Release|x86
		{4CB1EA89-590E-4D10-9D2E-BE185F9EB043}.Ad-Hoc|x86.Build.0 = Release|x86
		{4CB1EA89-590E-4D10-9D2E-BE185F9EB043}.Ad-Hoc|x86.Deploy.0 = Release|x86
		{4CB1EA89-590E-4D10-9D2E-BE185F9EB043}.AppStore|Any CPU.ActiveCfg = Release|x64
		{4CB1EA89-590E-4D10-9D2E-BE185F9EB043}.AppStore|Any CPU.Build.0 = Release|x64
		{4CB1EA89-590E-4D10-9D2E-BE185F9EB043}.AppStore|Any CPU.Deploy.0 = Release|x64
		{4CB1EA89-590E-4D10-9D2E-BE185F9EB043}.AppStore|ARM.ActiveCfg = Release|ARM
		{4CB1EA89-590E-4D10-9D2E-BE185F9EB043}.AppStore|ARM.Build.0 = Release|ARM
		{4CB1EA89-590E-4D10-9D2E-BE185F9EB043}.AppStore|ARM.Deploy.0 = Release|ARM
		{4CB1EA89-590E-4D10-9D2E-BE185F9EB043}.AppStore|ARM64.ActiveCfg = Release|ARM64
		{4CB1EA89-590E-4D10-9D2E-BE185F9EB043}.AppStore|ARM64.Build.0 = Release|ARM64
		{4CB1EA89-590E-4D10-9D2E-BE185F9EB043}.AppStore|ARM64.Deploy.0 = Release|ARM64
		{4CB1EA89-590E-4D10-9D2E-BE185F9EB043}.AppStore|iPhone.ActiveCfg = Release|x64
		{4CB1EA89-590E-4D10-9D2E-BE185F9EB043}.AppStore|iPhone.Build.0 = Release|x64
		{4CB1EA89-590E-4D10-9D2E-BE185F9EB043}.AppStore|iPhone.Deploy.0 = Release|x64
		{4CB1EA89-590E-4D10-9D2E-BE185F9EB043}.AppStore|iPhoneSimulator.ActiveCfg = Release|x64
		{4CB1EA89-590E-4D10-9D2E-BE185F9EB043}.AppStore|iPhoneSimulator.Build.0 = Release|x64
		{4CB1EA89-590E-4D10-9D2E-BE185F9EB043}.AppStore|iPhoneSimulator.Deploy.0 = Release|x64
		{4CB1EA89-590E-4D10-9D2E-BE185F9EB043}.AppStore|x64.ActiveCfg = Release|x64
		{4CB1EA89-590E-4D10-9D2E-BE185F9EB043}.AppStore|x64.Build.0 = Release|x64
		{4CB1EA89-590E-4D10-9D2E-BE185F9EB043}.AppStore|x64.Deploy.0 = Release|x64
		{4CB1EA89-590E-4D10-9D2E-BE185F9EB043}.AppStore|x86.ActiveCfg = Release|x86
		{4CB1EA89-590E-4D10-9D2E-BE185F9EB043}.AppStore|x86.Build.0 = Release|x86
		{4CB1EA89-590E-4D10-9D2E-BE185F9EB043}.AppStore|x86.Deploy.0 = Release|x86
		{4CB1EA89-590E-4D10-9D2E-BE185F9EB043}.Debug|Any CPU.ActiveCfg = Debug|x86
		{4CB1EA89-590E-4D10-9D2E-BE185F9EB043}.Debug|ARM.ActiveCfg = Debug|ARM
		{4CB1EA89-590E-4D10-9D2E-BE185F9EB043}.Debug|ARM.Build.0 = Debug|ARM
		{4CB1EA89-590E-4D10-9D2E-BE185F9EB043}.Debug|ARM.Deploy.0 = Debug|ARM
		{4CB1EA89-590E-4D10-9D2E-BE185F9EB043}.Debug|ARM64.ActiveCfg = Debug|ARM64
		{4CB1EA89-590E-4D10-9D2E-BE185F9EB043}.Debug|ARM64.Build.0 = Debug|ARM64
		{4CB1EA89-590E-4D10-9D2E-BE185F9EB043}.Debug|ARM64.Deploy.0 = Debug|ARM64
		{4CB1EA89-590E-4D10-9D2E-BE185F9EB043}.Debug|iPhone.ActiveCfg = Debug|x86
		{4CB1EA89-590E-4D10-9D2E-BE185F9EB043}.Debug|iPhoneSimulator.ActiveCfg = Debug|x86
		{4CB1EA89-590E-4D10-9D2E-BE185F9EB043}.Debug|x64.ActiveCfg = Debug|x64
		{4CB1EA89-590E-4D10-9D2E-BE185F9EB043}.Debug|x64.Build.0 = Debug|x64
		{4CB1EA89-590E-4D10-9D2E-BE185F9EB043}.Debug|x64.Deploy.0 = Debug|x64
		{4CB1EA89-590E-4D10-9D2E-BE185F9EB043}.Debug|x86.ActiveCfg = Debug|x86
		{4CB1EA89-590E-4D10-9D2E-BE185F9EB043}.Debug|x86.Build.0 = Debug|x86
		{4CB1EA89-590E-4D10-9D2E-BE185F9EB043}.Debug|x86.Deploy.0 = Debug|x86
		{4CB1EA89-590E-4D10-9D2E-BE185F9EB043}.Release|Any CPU.ActiveCfg = Release|x86
		{4CB1EA89-590E-4D10-9D2E-BE185F9EB043}.Release|ARM.ActiveCfg = Release|ARM
		{4CB1EA89-590E-4D10-9D2E-BE185F9EB043}.Release|ARM.Build.0 = Release|ARM
		{4CB1EA89-590E-4D10-9D2E-BE185F9EB043}.Release|ARM.Deploy.0 = Release|ARM
		{4CB1EA89-590E-4D10-9D2E-BE185F9EB043}.Release|ARM64.ActiveCfg = Release|ARM64
		{4CB1EA89-590E-4D10-9D2E-BE185F9EB043}.Release|ARM64.Build.0 = Release|ARM64
		{4CB1EA89-590E-4D10-9D2E-BE185F9EB043}.Release|ARM64.Deploy.0 = Release|ARM64
		{4CB1EA89-590E-4D10-9D2E-BE185F9EB043}.Release|iPhone.ActiveCfg = Release|x86
		{4CB1EA89-590E-4D10-9D2E-BE185F9EB043}.Release|iPhoneSimulator.ActiveCfg = Release|x86
		{4CB1EA89-590E-4D10-9D2E-BE185F9EB043}.Release|x64.ActiveCfg = Release|x64
		{4CB1EA89-590E-4D10-9D2E-BE185F9EB043}.Release|x64.Build.0 = Release|x64
		{4CB1EA89-590E-4D10-9D2E-BE185F9EB043}.Release|x64.Deploy.0 = Release|x64
		{4CB1EA89-590E-4D10-9D2E-BE185F9EB043}.Release|x86.ActiveCfg = Release|x86
		{4CB1EA89-590E-4D10-9D2E-BE185F9EB043}.Release|x86.Build.0 = Release|x86
		{4CB1EA89-590E-4D10-9D2E-BE185F9EB043}.Release|x86.Deploy.0 = Release|x86
		{4CB1EA89-590E-4D10-9D2E-BE185F9EB043}.Sample Release|Any CPU.ActiveCfg = Release|x64
		{4CB1EA89-590E-4D10-9D2E-BE185F9EB043}.Sample Release|Any CPU.Build.0 = Release|x64
		{4CB1EA89-590E-4D10-9D2E-BE185F9EB043}.Sample Release|Any CPU.Deploy.0 = Release|x64
		{4CB1EA89-590E-4D10-9D2E-BE185F9EB043}.Sample Release|ARM.ActiveCfg = Release|ARM
		{4CB1EA89-590E-4D10-9D2E-BE185F9EB043}.Sample Release|ARM.Build.0 = Release|ARM
		{4CB1EA89-590E-4D10-9D2E-BE185F9EB043}.Sample Release|ARM.Deploy.0 = Release|ARM
		{4CB1EA89-590E-4D10-9D2E-BE185F9EB043}.Sample Release|ARM64.ActiveCfg = Release|ARM64
		{4CB1EA89-590E-4D10-9D2E-BE185F9EB043}.Sample Release|ARM64.Build.0 = Release|ARM64
		{4CB1EA89-590E-4D10-9D2E-BE185F9EB043}.Sample Release|ARM64.Deploy.0 = Release|ARM64
		{4CB1EA89-590E-4D10-9D2E-BE185F9EB043}.Sample Release|iPhone.ActiveCfg = Release|x64
		{4CB1EA89-590E-4D10-9D2E-BE185F9EB043}.Sample Release|iPhone.Build.0 = Release|x64
		{4CB1EA89-590E-4D10-9D2E-BE185F9EB043}.Sample Release|iPhone.Deploy.0 = Release|x64
		{4CB1EA89-590E-4D10-9D2E-BE185F9EB043}.Sample Release|iPhoneSimulator.ActiveCfg = Release|x64
		{4CB1EA89-590E-4D10-9D2E-BE185F9EB043}.Sample Release|iPhoneSimulator.Build.0 = Release|x64
		{4CB1EA89-590E-4D10-9D2E-BE185F9EB043}.Sample Release|iPhoneSimulator.Deploy.0 = Release|x64
		{4CB1EA89-590E-4D10-9D2E-BE185F9EB043}.Sample Release|x64.ActiveCfg = Release|x64
		{4CB1EA89-590E-4D10-9D2E-BE185F9EB043}.Sample Release|x64.Build.0 = Release|x64
		{4CB1EA89-590E-4D10-9D2E-BE185F9EB043}.Sample Release|x64.Deploy.0 = Release|x64
		{4CB1EA89-590E-4D10-9D2E-BE185F9EB043}.Sample Release|x86.ActiveCfg = Release|x86
		{4CB1EA89-590E-4D10-9D2E-BE185F9EB043}.Sample Release|x86.Build.0 = Release|x86
		{4CB1EA89-590E-4D10-9D2E-BE185F9EB043}.Sample Release|x86.Deploy.0 = Release|x86
	EndGlobalSection
	GlobalSection(SolutionProperties) = preSolution
		HideSolutionNode = FALSE
	EndGlobalSection
	GlobalSection(NestedProjects) = preSolution
		{F9CE28FC-551A-42AA-B319-3F43428CEB5F} = {CA5A1907-9972-41F0-96C0-245353E0C598}
		{4A684BB2-2CB4-4B04-8541-FF0FA677DD49} = {CA5A1907-9972-41F0-96C0-245353E0C598}
		{A5BBADB1-F348-49CD-8264-59B5BE8E9F17} = {CA5A1907-9972-41F0-96C0-245353E0C598}
		{563C01C8-AF6F-4C53-B84F-5CCDEA2683D0} = {CA5A1907-9972-41F0-96C0-245353E0C598}
		{4CB1EA89-590E-4D10-9D2E-BE185F9EB043} = {CA5A1907-9972-41F0-96C0-245353E0C598}
	EndGlobalSection
	GlobalSection(ExtensibilityGlobals) = postSolution
		SolutionGuid = {38E338B1-CFB7-42EB-8E8B-4553A1F9DAF1}
	EndGlobalSection
EndGlobal
